// !$*UTF8*$!
{
	archiveVersion = 1;
	classes = {
	};
	objectVersion = 46;
	objects = {

/* Begin PBXBuildFile section */
		D77C8F091E4BE2A80098FC0D /* AppDelegate.swift in Sources */ = {isa = PBXBuildFile; fileRef = D77C8F081E4BE2A80098FC0D /* AppDelegate.swift */; };
		D77C8F0B1E4BE2A80098FC0D /* ViewController.swift in Sources */ = {isa = PBXBuildFile; fileRef = D77C8F0A1E4BE2A80098FC0D /* ViewController.swift */; };
		D77C8F0E1E4BE2A80098FC0D /* Main.storyboard in Resources */ = {isa = PBXBuildFile; fileRef = D77C8F0C1E4BE2A80098FC0D /* Main.storyboard */; };
		D77C8F101E4BE2A80098FC0D /* Assets.xcassets in Resources */ = {isa = PBXBuildFile; fileRef = D77C8F0F1E4BE2A80098FC0D /* Assets.xcassets */; };
		D77C8F131E4BE2A80098FC0D /* LaunchScreen.storyboard in Resources */ = {isa = PBXBuildFile; fileRef = D77C8F111E4BE2A80098FC0D /* LaunchScreen.storyboard */; };
		D77C8F1E1E4BE2A80098FC0D /* GreatNumberGameTests.swift in Sources */ = {isa = PBXBuildFile; fileRef = D77C8F1D1E4BE2A80098FC0D /* GreatNumberGameTests.swift */; };
		D77C8F291E4BE2A80098FC0D /* GreatNumberGameUITests.swift in Sources */ = {isa = PBXBuildFile; fileRef = D77C8F281E4BE2A80098FC0D /* GreatNumberGameUITests.swift */; };
/* End PBXBuildFile section */

/* Begin PBXContainerItemProxy section */
		D77C8F1A1E4BE2A80098FC0D /* PBXContainerItemProxy */ = {
			isa = PBXContainerItemProxy;
			containerPortal = D77C8EFD1E4BE2A80098FC0D /* Project object */;
			proxyType = 1;
			remoteGlobalIDString = D77C8F041E4BE2A80098FC0D;
			remoteInfo = GreatNumberGame;
		};
		D77C8F251E4BE2A80098FC0D /* PBXContainerItemProxy */ = {
			isa = PBXContainerItemProxy;
			containerPortal = D77C8EFD1E4BE2A80098FC0D /* Project object */;
			proxyType = 1;
			remoteGlobalIDString = D77C8F041E4BE2A80098FC0D;
			remoteInfo = GreatNumberGame;
		};
/* End PBXContainerItemProxy section */

/* Begin PBXFileReference section */
		D77C8F051E4BE2A80098FC0D /* GreatNumberGame.app */ = {isa = PBXFileReference; explicitFileType = wrapper.application; includeInIndex = 0; path = GreatNumberGame.app; sourceTree = BUILT_PRODUCTS_DIR; };
		D77C8F081E4BE2A80098FC0D /* AppDelegate.swift */ = {isa = PBXFileReference; lastKnownFileType = sourcecode.swift; path = AppDelegate.swift; sourceTree = "<group>"; };
		D77C8F0A1E4BE2A80098FC0D /* ViewController.swift */ = {isa = PBXFileReference; lastKnownFileType = sourcecode.swift; path = ViewController.swift; sourceTree = "<group>"; };
		D77C8F0D1E4BE2A80098FC0D /* Base */ = {isa = PBXFileReference; lastKnownFileType = file.storyboard; name = Base; path = Base.lproj/Main.storyboard; sourceTree = "<group>"; };
		D77C8F0F1E4BE2A80098FC0D /* Assets.xcassets */ = {isa = PBXFileReference; lastKnownFileType = folder.assetcatalog; path = Assets.xcassets; sourceTree = "<group>"; };
		D77C8F121E4BE2A80098FC0D /* Base */ = {isa = PBXFileReference; lastKnownFileType = file.storyboard; name = Base; path = Base.lproj/LaunchScreen.storyboard; sourceTree = "<group>"; };
		D77C8F141E4BE2A80098FC0D /* Info.plist */ = {isa = PBXFileReference; lastKnownFileType = text.plist.xml; path = Info.plist; sourceTree = "<group>"; };
		D77C8F191E4BE2A80098FC0D /* GreatNumberGameTests.xctest */ = {isa = PBXFileReference; explicitFileType = wrapper.cfbundle; includeInIndex = 0; path = GreatNumberGameTests.xctest; sourceTree = BUILT_PRODUCTS_DIR; };
		D77C8F1D1E4BE2A80098FC0D /* GreatNumberGameTests.swift */ = {isa = PBXFileReference; lastKnownFileType = sourcecode.swift; path = GreatNumberGameTests.swift; sourceTree = "<group>"; };
		D77C8F1F1E4BE2A80098FC0D /* Info.plist */ = {isa = PBXFileReference; lastKnownFileType = text.plist.xml; path = Info.plist; sourceTree = "<group>"; };
		D77C8F241E4BE2A80098FC0D /* GreatNumberGameUITests.xctest */ = {isa = PBXFileReference; explicitFileType = wrapper.cfbundle; includeInIndex = 0; path = GreatNumberGameUITests.xctest; sourceTree = BUILT_PRODUCTS_DIR; };
		D77C8F281E4BE2A80098FC0D /* GreatNumberGameUITests.swift */ = {isa = PBXFileReference; lastKnownFileType = sourcecode.swift; path = GreatNumberGameUITests.swift; sourceTree = "<group>"; };
		D77C8F2A1E4BE2A80098FC0D /* Info.plist */ = {isa = PBXFileReference; lastKnownFileType = text.plist.xml; path = Info.plist; sourceTree = "<group>"; };
/* End PBXFileReference section */

/* Begin PBXFrameworksBuildPhase section */
		D77C8F021E4BE2A80098FC0D /* Frameworks */ = {
			isa = PBXFrameworksBuildPhase;
			buildActionMask = 2147483647;
			files = (
			);
			runOnlyForDeploymentPostprocessing = 0;
		};
		D77C8F161E4BE2A80098FC0D /* Frameworks */ = {
			isa = PBXFrameworksBuildPhase;
			buildActionMask = 2147483647;
			files = (
			);
			runOnlyForDeploymentPostprocessing = 0;
		};
		D77C8F211E4BE2A80098FC0D /* Frameworks */ = {
			isa = PBXFrameworksBuildPhase;
			buildActionMask = 2147483647;
			files = (
			);
			runOnlyForDeploymentPostprocessing = 0;
		};
/* End PBXFrameworksBuildPhase section */

/* Begin PBXGroup section */
		D77C8EFC1E4BE2A80098FC0D = {
			isa = PBXGroup;
			children = (
				D77C8F071E4BE2A80098FC0D /* GreatNumberGame */,
				D77C8F1C1E4BE2A80098FC0D /* GreatNumberGameTests */,
				D77C8F271E4BE2A80098FC0D /* GreatNumberGameUITests */,
				D77C8F061E4BE2A80098FC0D /* Products */,
			);
			sourceTree = "<group>";
		};
		D77C8F061E4BE2A80098FC0D /* Products */ = {
			isa = PBXGroup;
			children = (
				D77C8F051E4BE2A80098FC0D /* GreatNumberGame.app */,
				D77C8F191E4BE2A80098FC0D /* GreatNumberGameTests.xctest */,
				D77C8F241E4BE2A80098FC0D /* GreatNumberGameUITests.xctest */,
			);
			name = Products;
			sourceTree = "<group>";
		};
		D77C8F071E4BE2A80098FC0D /* GreatNumberGame */ = {
			isa = PBXGroup;
			children = (
				D77C8F081E4BE2A80098FC0D /* AppDelegate.swift */,
				D77C8F0A1E4BE2A80098FC0D /* ViewController.swift */,
				D77C8F0C1E4BE2A80098FC0D /* Main.storyboard */,
				D77C8F0F1E4BE2A80098FC0D /* Assets.xcassets */,
				D77C8F111E4BE2A80098FC0D /* LaunchScreen.storyboard */,
				D77C8F141E4BE2A80098FC0D /* Info.plist */,
			);
			path = GreatNumberGame;
			sourceTree = "<group>";
		};
		D77C8F1C1E4BE2A80098FC0D /* GreatNumberGameTests */ = {
			isa = PBXGroup;
			children = (
				D77C8F1D1E4BE2A80098FC0D /* GreatNumberGameTests.swift */,
				D77C8F1F1E4BE2A80098FC0D /* Info.plist */,
			);
			path = GreatNumberGameTests;
			sourceTree = "<group>";
		};
		D77C8F271E4BE2A80098FC0D /* GreatNumberGameUITests */ = {
			isa = PBXGroup;
			children = (
				D77C8F281E4BE2A80098FC0D /* GreatNumberGameUITests.swift */,
				D77C8F2A1E4BE2A80098FC0D /* Info.plist */,
			);
			path = GreatNumberGameUITests;
			sourceTree = "<group>";
		};
/* End PBXGroup section */

/* Begin PBXNativeTarget section */
		D77C8F041E4BE2A80098FC0D /* GreatNumberGame */ = {
			isa = PBXNativeTarget;
			buildConfigurationList = D77C8F2D1E4BE2A80098FC0D /* Build configuration list for PBXNativeTarget "GreatNumberGame" */;
			buildPhases = (
				D77C8F011E4BE2A80098FC0D /* Sources */,
				D77C8F021E4BE2A80098FC0D /* Frameworks */,
				D77C8F031E4BE2A80098FC0D /* Resources */,
			);
			buildRules = (
			);
			dependencies = (
			);
			name = GreatNumberGame;
			productName = GreatNumberGame;
			productReference = D77C8F051E4BE2A80098FC0D /* GreatNumberGame.app */;
			productType = "com.apple.product-type.application";
		};
		D77C8F181E4BE2A80098FC0D /* GreatNumberGameTests */ = {
			isa = PBXNativeTarget;
			buildConfigurationList = D77C8F301E4BE2A80098FC0D /* Build configuration list for PBXNativeTarget "GreatNumberGameTests" */;
			buildPhases = (
				D77C8F151E4BE2A80098FC0D /* Sources */,
				D77C8F161E4BE2A80098FC0D /* Frameworks */,
				D77C8F171E4BE2A80098FC0D /* Resources */,
			);
			buildRules = (
			);
			dependencies = (
				D77C8F1B1E4BE2A80098FC0D /* PBXTargetDependency */,
			);
			name = GreatNumberGameTests;
			productName = GreatNumberGameTests;
			productReference = D77C8F191E4BE2A80098FC0D /* GreatNumberGameTests.xctest */;
			productType = "com.apple.product-type.bundle.unit-test";
		};
		D77C8F231E4BE2A80098FC0D /* GreatNumberGameUITests */ = {
			isa = PBXNativeTarget;
			buildConfigurationList = D77C8F331E4BE2A80098FC0D /* Build configuration list for PBXNativeTarget "GreatNumberGameUITests" */;
			buildPhases = (
				D77C8F201E4BE2A80098FC0D /* Sources */,
				D77C8F211E4BE2A80098FC0D /* Frameworks */,
				D77C8F221E4BE2A80098FC0D /* Resources */,
			);
			buildRules = (
			);
			dependencies = (
				D77C8F261E4BE2A80098FC0D /* PBXTargetDependency */,
			);
			name = GreatNumberGameUITests;
			productName = GreatNumberGameUITests;
			productReference = D77C8F241E4BE2A80098FC0D /* GreatNumberGameUITests.xctest */;
			productType = "com.apple.product-type.bundle.ui-testing";
		};
/* End PBXNativeTarget section */

/* Begin PBXProject section */
		D77C8EFD1E4BE2A80098FC0D /* Project object */ = {
			isa = PBXProject;
			attributes = {
				LastSwiftUpdateCheck = 0820;
				LastUpgradeCheck = 0820;
				ORGANIZATIONNAME = dasBeard;
				TargetAttributes = {
					D77C8F041E4BE2A80098FC0D = {
						CreatedOnToolsVersion = 8.2.1;
						DevelopmentTeam = K87Q2GTANY;
						ProvisioningStyle = Automatic;
					};
					D77C8F181E4BE2A80098FC0D = {
						CreatedOnToolsVersion = 8.2.1;
						DevelopmentTeam = K87Q2GTANY;
						ProvisioningStyle = Automatic;
						TestTargetID = D77C8F041E4BE2A80098FC0D;
					};
					D77C8F231E4BE2A80098FC0D = {
						CreatedOnToolsVersion = 8.2.1;
						DevelopmentTeam = K87Q2GTANY;
						ProvisioningStyle = Automatic;
						TestTargetID = D77C8F041E4BE2A80098FC0D;
					};
				};
			};
			buildConfigurationList = D77C8F001E4BE2A80098FC0D /* Build configuration list for PBXProject "GreatNumberGame" */;
			compatibilityVersion = "Xcode 3.2";
			developmentRegion = English;
			hasScannedForEncodings = 0;
			knownRegions = (
				en,
				Base,
			);
			mainGroup = D77C8EFC1E4BE2A80098FC0D;
			productRefGroup = D77C8F061E4BE2A80098FC0D /* Products */;
			projectDirPath = "";
			projectRoot = "";
			targets = (
				D77C8F041E4BE2A80098FC0D /* GreatNumberGame */,
				D77C8F181E4BE2A80098FC0D /* GreatNumberGameTests */,
				D77C8F231E4BE2A80098FC0D /* GreatNumberGameUITests */,
			);
		};
/* End PBXProject section */

/* Begin PBXResourcesBuildPhase section */
		D77C8F031E4BE2A80098FC0D /* Resources */ = {
			isa = PBXResourcesBuildPhase;
			buildActionMask = 2147483647;
			files = (
				D77C8F131E4BE2A80098FC0D /* LaunchScreen.storyboard in Resources */,
				D77C8F101E4BE2A80098FC0D /* Assets.xcassets in Resources */,
				D77C8F0E1E4BE2A80098FC0D /* Main.storyboard in Resources */,
			);
			runOnlyForDeploymentPostprocessing = 0;
		};
		D77C8F171E4BE2A80098FC0D /* Resources */ = {
			isa = PBXResourcesBuildPhase;
			buildActionMask = 2147483647;
			files = (
			);
			runOnlyForDeploymentPostprocessing = 0;
		};
		D77C8F221E4BE2A80098FC0D /* Resources */ = {
			isa = PBXResourcesBuildPhase;
			buildActionMask = 2147483647;
			files = (
			);
			runOnlyForDeploymentPostprocessing = 0;
		};
/* End PBXResourcesBuildPhase section */

/* Begin PBXSourcesBuildPhase section */
		D77C8F011E4BE2A80098FC0D /* Sources */ = {
			isa = PBXSourcesBuildPhase;
			buildActionMask = 2147483647;
			files = (
				D77C8F0B1E4BE2A80098FC0D /* ViewController.swift in Sources */,
				D77C8F091E4BE2A80098FC0D /* AppDelegate.swift in Sources */,
			);
			runOnlyForDeploymentPostprocessing = 0;
		};
		D77C8F151E4BE2A80098FC0D /* Sources */ = {
			isa = PBXSourcesBuildPhase;
			buildActionMask = 2147483647;
			files = (
				D77C8F1E1E4BE2A80098FC0D /* GreatNumberGameTests.swift in Sources */,
			);
			runOnlyForDeploymentPostprocessing = 0;
		};
		D77C8F201E4BE2A80098FC0D /* Sources */ = {
			isa = PBXSourcesBuildPhase;
			buildActionMask = 2147483647;
			files = (
				D77C8F291E4BE2A80098FC0D /* GreatNumberGameUITests.swift in Sources */,
			);
			runOnlyForDeploymentPostprocessing = 0;
		};
/* End PBXSourcesBuildPhase section */

/* Begin PBXTargetDependency section */
		D77C8F1B1E4BE2A80098FC0D /* PBXTargetDependency */ = {
			isa = PBXTargetDependency;
			target = D77C8F041E4BE2A80098FC0D /* GreatNumberGame */;
			targetProxy = D77C8F1A1E4BE2A80098FC0D /* PBXContainerItemProxy */;
		};
		D77C8F261E4BE2A80098FC0D /* PBXTargetDependency */ = {
			isa = PBXTargetDependency;
			target = D77C8F041E4BE2A80098FC0D /* GreatNumberGame */;
			targetProxy = D77C8F251E4BE2A80098FC0D /* PBXContainerItemProxy */;
		};
/* End PBXTargetDependency section */

/* Begin PBXVariantGroup section */
		D77C8F0C1E4BE2A80098FC0D /* Main.storyboard */ = {
			isa = PBXVariantGroup;
			children = (
				D77C8F0D1E4BE2A80098FC0D /* Base */,
			);
			name = Main.storyboard;
			sourceTree = "<group>";
		};
		D77C8F111E4BE2A80098FC0D /* LaunchScreen.storyboard */ = {
			isa = PBXVariantGroup;
			children = (
				D77C8F121E4BE2A80098FC0D /* Base */,
			);
			name = LaunchScreen.storyboard;
			sourceTree = "<group>";
		};
/* End PBXVariantGroup section */

/* Begin XCBuildConfiguration section */
		D77C8F2B1E4BE2A80098FC0D /* Debug */ = {
			isa = XCBuildConfiguration;
			buildSettings = {
				ALWAYS_SEARCH_USER_PATHS = NO;
				CLANG_ANALYZER_NONNULL = YES;
				CLANG_CXX_LANGUAGE_STANDARD = "gnu++0x";
				CLANG_CXX_LIBRARY = "libc++";
				CLANG_ENABLE_MODULES = YES;
				CLANG_ENABLE_OBJC_ARC = YES;
				CLANG_WARN_BOOL_CONVERSION = YES;
				CLANG_WARN_CONSTANT_CONVERSION = YES;
				CLANG_WARN_DIRECT_OBJC_ISA_USAGE = YES_ERROR;
				CLANG_WARN_DOCUMENTATION_COMMENTS = YES;
				CLANG_WARN_EMPTY_BODY = YES;
				CLANG_WARN_ENUM_CONVERSION = YES;
				CLANG_WARN_INFINITE_RECURSION = YES;
				CLANG_WARN_INT_CONVERSION = YES;
				CLANG_WARN_OBJC_ROOT_CLASS = YES_ERROR;
				CLANG_WARN_SUSPICIOUS_MOVE = YES;
				CLANG_WARN_UNREACHABLE_CODE = YES;
				CLANG_WARN__DUPLICATE_METHOD_MATCH = YES;
				"CODE_SIGN_IDENTITY[sdk=iphoneos*]" = "iPhone Developer";
				COPY_PHASE_STRIP = NO;
				DEBUG_INFORMATION_FORMAT = dwarf;
				ENABLE_STRICT_OBJC_MSGSEND = YES;
				ENABLE_TESTABILITY = YES;
				GCC_C_LANGUAGE_STANDARD = gnu99;
				GCC_DYNAMIC_NO_PIC = NO;
				GCC_NO_COMMON_BLOCKS = YES;
				GCC_OPTIMIZATION_LEVEL = 0;
				GCC_PREPROCESSOR_DEFINITIONS = (
					"DEBUG=1",
					"$(inherited)",
				);
				GCC_WARN_64_TO_32_BIT_CONVERSION = YES;
				GCC_WARN_ABOUT_RETURN_TYPE = YES_ERROR;
				GCC_WARN_UNDECLARED_SELECTOR = YES;
				GCC_WARN_UNINITIALIZED_AUTOS = YES_AGGRESSIVE;
				GCC_WARN_UNUSED_FUNCTION = YES;
				GCC_WARN_UNUSED_VARIABLE = YES;
				IPHONEOS_DEPLOYMENT_TARGET = 10.2;
				MTL_ENABLE_DEBUG_INFO = YES;
				ONLY_ACTIVE_ARCH = YES;
				SDKROOT = iphoneos;
				SWIFT_ACTIVE_COMPILATION_CONDITIONS = DEBUG;
				SWIFT_OPTIMIZATION_LEVEL = "-Onone";
				TARGETED_DEVICE_FAMILY = "1,2";
			};
			name = Debug;
		};
		D77C8F2C1E4BE2A80098FC0D /* Release */ = {
			isa = XCBuildConfiguration;
			buildSettings = {
				ALWAYS_SEARCH_USER_PATHS = NO;
				CLANG_ANALYZER_NONNULL = YES;
				CLANG_CXX_LANGUAGE_STANDARD = "gnu++0x";
				CLANG_CXX_LIBRARY = "libc++";
				CLANG_ENABLE_MODULES = YES;
				CLANG_ENABLE_OBJC_ARC = YES;
				CLANG_WARN_BOOL_CONVERSION = YES;
				CLANG_WARN_CONSTANT_CONVERSION = YES;
				CLANG_WARN_DIRECT_OBJC_ISA_USAGE = YES_ERROR;
				CLANG_WARN_DOCUMENTATION_COMMENTS = YES;
				CLANG_WARN_EMPTY_BODY = YES;
				CLANG_WARN_ENUM_CONVERSION = YES;
				CLANG_WARN_INFINITE_RECURSION = YES;
				CLANG_WARN_INT_CONVERSION = YES;
				CLANG_WARN_OBJC_ROOT_CLASS = YES_ERROR;
				CLANG_WARN_SUSPICIOUS_MOVE = YES;
				CLANG_WARN_UNREACHABLE_CODE = YES;
				CLANG_WARN__DUPLICATE_METHOD_MATCH = YES;
				"CODE_SIGN_IDENTITY[sdk=iphoneos*]" = "iPhone Developer";
				COPY_PHASE_STRIP = NO;
				DEBUG_INFORMATION_FORMAT = "dwarf-with-dsym";
				ENABLE_NS_ASSERTIONS = NO;
				ENABLE_STRICT_OBJC_MSGSEND = YES;
				GCC_C_LANGUAGE_STANDARD = gnu99;
				GCC_NO_COMMON_BLOCKS = YES;
				GCC_WARN_64_TO_32_BIT_CONVERSION = YES;
				GCC_WARN_ABOUT_RETURN_TYPE = YES_ERROR;
				GCC_WARN_UNDECLARED_SELECTOR = YES;
				GCC_WARN_UNINITIALIZED_AUTOS = YES_AGGRESSIVE;
				GCC_WARN_UNUSED_FUNCTION = YES;
				GCC_WARN_UNUSED_VARIABLE = YES;
				IPHONEOS_DEPLOYMENT_TARGET = 10.2;
				MTL_ENABLE_DEBUG_INFO = NO;
				SDKROOT = iphoneos;
				SWIFT_OPTIMIZATION_LEVEL = "-Owholemodule";
				TARGETED_DEVICE_FAMILY = "1,2";
				VALIDATE_PRODUCT = YES;
			};
			name = Release;
		};
		D77C8F2E1E4BE2A80098FC0D /* Debug */ = {
			isa = XCBuildConfiguration;
			buildSettings = {
				ASSETCATALOG_COMPILER_APPICON_NAME = AppIcon;
				DEVELOPMENT_TEAM = K87Q2GTANY;
				INFOPLIST_FILE = GreatNumberGame/Info.plist;
				LD_RUNPATH_SEARCH_PATHS = "$(inherited) @executable_path/Frameworks";
				PRODUCT_BUNDLE_IDENTIFIER = dasBeard.GreatNumberGame;
				PRODUCT_NAME = "$(TARGET_NAME)";
				SWIFT_VERSION = 3.0;
			};
			name = Debug;
		};
		D77C8F2F1E4BE2A80098FC0D /* Release */ = {
			isa = XCBuildConfiguration;
			buildSettings = {
				ASSETCATALOG_COMPILER_APPICON_NAME = AppIcon;
				DEVELOPMENT_TEAM = K87Q2GTANY;
				INFOPLIST_FILE = GreatNumberGame/Info.plist;
				LD_RUNPATH_SEARCH_PATHS = "$(inherited) @executable_path/Frameworks";
				PRODUCT_BUNDLE_IDENTIFIER = dasBeard.GreatNumberGame;
				PRODUCT_NAME = "$(TARGET_NAME)";
				SWIFT_VERSION = 3.0;
			};
			name = Release;
		};
		D77C8F311E4BE2A80098FC0D /* Debug */ = {
			isa = XCBuildConfiguration;
			buildSettings = {
				ALWAYS_EMBED_SWIFT_STANDARD_LIBRARIES = YES;
				BUNDLE_LOADER = "$(TEST_HOST)";
				DEVELOPMENT_TEAM = K87Q2GTANY;
				INFOPLIST_FILE = GreatNumberGameTests/Info.plist;
				LD_RUNPATH_SEARCH_PATHS = "$(inherited) @executable_path/Frameworks @loader_path/Frameworks";
				PRODUCT_BUNDLE_IDENTIFIER = dasBeard.GreatNumberGameTests;
				PRODUCT_NAME = "$(TARGET_NAME)";
				SWIFT_VERSION = 3.0;
				TEST_HOST = "$(BUILT_PRODUCTS_DIR)/GreatNumberGame.app/GreatNumberGame";
			};
			name = Debug;
		};
		D77C8F321E4BE2A80098FC0D /* Release */ = {
			isa = XCBuildConfiguration;
			buildSettings = {
				ALWAYS_EMBED_SWIFT_STANDARD_LIBRARIES = YES;
				BUNDLE_LOADER = "$(TEST_HOST)";
				DEVELOPMENT_TEAM = K87Q2GTANY;
				INFOPLIST_FILE = GreatNumberGameTests/Info.plist;
				LD_RUNPATH_SEARCH_PATHS = "$(inherited) @executable_path/Frameworks @loader_path/Frameworks";
				PRODUCT_BUNDLE_IDENTIFIER = dasBeard.GreatNumberGameTests;
				PRODUCT_NAME = "$(TARGET_NAME)";
				SWIFT_VERSION = 3.0;
				TEST_HOST = "$(BUILT_PRODUCTS_DIR)/GreatNumberGame.app/GreatNumberGame";
			};
			name = Release;
		};
		D77C8F341E4BE2A80098FC0D /* Debug */ = {
			isa = XCBuildConfiguration;
			buildSettings = {
				ALWAYS_EMBED_SWIFT_STANDARD_LIBRARIES = YES;
				DEVELOPMENT_TEAM = K87Q2GTANY;
				INFOPLIST_FILE = GreatNumberGameUITests/Info.plist;
				LD_RUNPATH_SEARCH_PATHS = "$(inherited) @executable_path/Frameworks @loader_path/Frameworks";
				PRODUCT_BUNDLE_IDENTIFIER = dasBeard.GreatNumberGameUITests;
				PRODUCT_NAME = "$(TARGET_NAME)";
				SWIFT_VERSION = 3.0;
				TEST_TARGET_NAME = GreatNumberGame;
			};
			name = Debug;
		};
		D77C8F351E4BE2A80098FC0D /* Release */ = {
			isa = XCBuildConfiguration;
			buildSettings = {
				ALWAYS_EMBED_SWIFT_STANDARD_LIBRARIES = YES;
				DEVELOPMENT_TEAM = K87Q2GTANY;
				INFOPLIST_FILE = GreatNumberGameUITests/Info.plist;
				LD_RUNPATH_SEARCH_PATHS = "$(inherited) @executable_path/Frameworks @loader_path/Frameworks";
				PRODUCT_BUNDLE_IDENTIFIER = dasBeard.GreatNumberGameUITests;
				PRODUCT_NAME = "$(TARGET_NAME)";
				SWIFT_VERSION = 3.0;
				TEST_TARGET_NAME = GreatNumberGame;
			};
			name = Release;
		};
/* End XCBuildConfiguration section */

/* Begin XCConfigurationList section */
		D77C8F001E4BE2A80098FC0D /* Build configuration list for PBXProject "GreatNumberGame" */ = {
			isa = XCConfigurationList;
			buildConfigurations = (
				D77C8F2B1E4BE2A80098FC0D /* Debug */,
				D77C8F2C1E4BE2A80098FC0D /* Release */,
			);
			defaultConfigurationIsVisible = 0;
			defaultConfigurationName = Release;
		};
		D77C8F2D1E4BE2A80098FC0D /* Build configuration list for PBXNativeTarget "GreatNumberGame" */ = {
			isa = XCConfigurationList;
			buildConfigurations = (
				D77C8F2E1E4BE2A80098FC0D /* Debug */,
				D77C8F2F1E4BE2A80098FC0D /* Release */,
			);
			defaultConfigurationIsVisible = 0;
		};
		D77C8F301E4BE2A80098FC0D /* Build configuration list for PBXNativeTarget "GreatNumberGameTests" */ = {
			isa = XCConfigurationList;
			buildConfigurations = (
				D77C8F311E4BE2A80098FC0D /* Debug */,
				D77C8F321E4BE2A80098FC0D /* Release */,
			);
			defaultConfigurationIsVisible = 0;
		};
		D77C8F331E4BE2A80098FC0D /* Build configuration list for PBXNativeTarget "GreatNumberGameUITests" */ = {
			isa = XCConfigurationList;
			buildConfigurations = (
				D77C8F341E4BE2A80098FC0D /* Debug */,
				D77C8F351E4BE2A80098FC0D /* Release */,
			);
			defaultConfigurationIsVisible = 0;
		};
/* End XCConfigurationList section */
	};
	rootObject = D77C8EFD1E4BE2A80098FC0D /* Project object */;
}
